
Microsoft Visual Studio Solution File, Format Version 12.00
# Visual Studio 15
Project("{FAE04EC0-301F-11D3-BF4B-00C04F79EFBC}") = "ProfitDistribution", "ProfitDistribution\ProfitDistribution.csproj", "{7B0874FE-4E92-492E-B152-764880ABD6E2}"
EndProject
Project("{FAE04EC0-301F-11D3-BF4B-00C04F79EFBC}") = "ProfitDistribution.Tests", "ProfitDistribution.Tests\ProfitDistribution.Tests.csproj", "{E980CBF2-DA3F-4220-BC0D-4DC364EDA317}"
EndProject
Project("{E53339B2-1760-4266-BCC7-CA923CBCF16C}") = "docker-compose", "docker-compose.dcproj", "{5EC177B0-6F57-4EC8-8D0E-CEBEC2C480A5}"
EndProject
Global
	GlobalSection(SolutionConfigurationPlatforms) = preSolution
		Debug|Any CPU = Debug|Any CPU
		Release|Any CPU = Release|Any CPU
	EndGlobalSection
	GlobalSection(ProjectConfigurationPlatforms) = postSolution
		{7B0874FE-4E92-492E-B152-764880ABD6E2}.Debug|Any CPU.ActiveCfg = Debug|Any CPU
		{7B0874FE-4E92-492E-B152-764880ABD6E2}.Debug|Any CPU.Build.0 = Debug|Any CPU
		{7B0874FE-4E92-492E-B152-764880ABD6E2}.Release|Any CPU.ActiveCfg = Release|Any CPU
		{7B0874FE-4E92-492E-B152-764880ABD6E2}.Release|Any CPU.Build.0 = Release|Any CPU
		{E980CBF2-DA3F-4220-BC0D-4DC364EDA317}.Debug|Any CPU.ActiveCfg = Debug|Any CPU
		{E980CBF2-DA3F-4220-BC0D-4DC364EDA317}.Debug|Any CPU.Build.0 = Debug|Any CPU
		{E980CBF2-DA3F-4220-BC0D-4DC364EDA317}.Release|Any CPU.ActiveCfg = Release|Any CPU
		{E980CBF2-DA3F-4220-BC0D-4DC364EDA317}.Release|Any CPU.Build.0 = Release|Any CPU
		{5EC177B0-6F57-4EC8-8D0E-CEBEC2C480A5}.Debug|Any CPU.ActiveCfg = Debug|Any CPU
		{5EC177B0-6F57-4EC8-8D0E-CEBEC2C480A5}.Debug|Any CPU.Build.0 = Debug|Any CPU
		{5EC177B0-6F57-4EC8-8D0E-CEBEC2C480A5}.Release|Any CPU.ActiveCfg = Release|Any CPU
		{5EC177B0-6F57-4EC8-8D0E-CEBEC2C480A5}.Release|Any CPU.Build.0 = Release|Any CPU
	EndGlobalSection
EndGlobal
